
Microsoft Visual Studio Solution File, Format Version 12.00
# Visual Studio Version 17
VisualStudioVersion = 17.5.002.0
MinimumVisualStudioVersion = 10.0.40219.1
Project("{9A19103F-16F7-4668-BE54-9A1E7A4F7556}") = "Task00", "Task00\Task00.csproj", "{653B1573-895C-41E3-902E-0A80D574B91C}"
EndProject
Project("{9A19103F-16F7-4668-BE54-9A1E7A4F7556}") = "Task01", "Task01\Task01.csproj", "{6C40AEDB-B8B6-4C9A-8E76-23C3209C12D3}"
EndProject
Project("{9A19103F-16F7-4668-BE54-9A1E7A4F7556}") = "Task02", "Task02\Task02.csproj", "{35A513A0-E187-4CFF-9F2A-68AB26BD2989}"
EndProject
Project("{9A19103F-16F7-4668-BE54-9A1E7A4F7556}") = "Task03", "Task03\Task03.csproj", "{E9B8A008-8D6F-4D3E-81AF-440C7E1B1489}"
EndProject
Project("{9A19103F-16F7-4668-BE54-9A1E7A4F7556}") = "Task04", "Task04\Task04.csproj", "{4300E623-F23C-44E6-B680-C1CEC1E0138D}"
EndProject
Project("{9A19103F-16F7-4668-BE54-9A1E7A4F7556}") = "Task05", "Task05\Task05.csproj", "{A693CBC9-C5C5-4915-B60D-6024245224EF}"
EndProject
Project("{9A19103F-16F7-4668-BE54-9A1E7A4F7556}") = "Task06", "Task06\Task06.csproj", "{E3D2F73D-9200-4F30-95F4-EDABE84541B4}"
EndProject
Project("{9A19103F-16F7-4668-BE54-9A1E7A4F7556}") = "Task07", "Task07\Task07.csproj", "{DE98601E-C513-4111-9D9E-68C29871D3FA}"
EndProject
Project("{9A19103F-16F7-4668-BE54-9A1E7A4F7556}") = "Task08", "Task08\Task08.csproj", "{F8081C85-F545-4471-B350-BF7642EFCB9F}"
EndProject
Project("{9A19103F-16F7-4668-BE54-9A1E7A4F7556}") = "Task09", "Task09\Task09.csproj", "{9F032D7B-4D83-4338-9DD4-1B578F6B7B8E}"
EndProject
Project("{9A19103F-16F7-4668-BE54-9A1E7A4F7556}") = "Task10", "Task10\Task10.csproj", "{9A997F0E-1004-4DD4-B5C7-DE69B4CD7CCC}"
EndProject
Project("{9A19103F-16F7-4668-BE54-9A1E7A4F7556}") = "Task11", "Task11\Task11.csproj", "{122B7EE4-F281-46DA-ADC2-624281083FB3}"
EndProject
Project("{9A19103F-16F7-4668-BE54-9A1E7A4F7556}") = "Task12", "Task12\Task12.csproj", "{F0C8AA24-CEF8-4A7F-94CD-0676A5DC2103}"
EndProject
Project("{9A19103F-16F7-4668-BE54-9A1E7A4F7556}") = "Task13", "Task13\Task13.csproj", "{584AF296-3B61-4FC3-B112-5BA8BB7E38C3}"
EndProject
Project("{9A19103F-16F7-4668-BE54-9A1E7A4F7556}") = "Task14", "Task14\Task14.csproj", "{836E2673-A2B3-4843-9519-E8DB29756816}"
EndProject
Project("{9A19103F-16F7-4668-BE54-9A1E7A4F7556}") = "Task15", "Task15\Task15.csproj", "{AFA5DF85-FD4C-4431-BE00-313B393EBC68}"
EndProject
Project("{9A19103F-16F7-4668-BE54-9A1E7A4F7556}") = "Task16", "Task16\Task16.csproj", "{9A31D691-F83F-4312-8699-F69D60698921}"
EndProject
Project("{9A19103F-16F7-4668-BE54-9A1E7A4F7556}") = "Task17", "Task17\Task17.csproj", "{D06E365C-1966-4E69-9A5C-A9EFD1FEB3BE}"
EndProject
Project("{9A19103F-16F7-4668-BE54-9A1E7A4F7556}") = "Task18", "Task18\Task18.csproj", "{1C5FDAC1-7B73-4376-B2BE-5393AEB91EA2}"
EndProject
Project("{9A19103F-16F7-4668-BE54-9A1E7A4F7556}") = "Task19", "Task19\Task19.csproj", "{7E2E3045-F253-44B0-9B03-249931AF7FE0}"
EndProject
Project("{9A19103F-16F7-4668-BE54-9A1E7A4F7556}") = "Task20", "Task20\Task20.csproj", "{743F1A4B-0064-45B4-BB4F-DC9617B605F5}"
EndProject
Project("{9A19103F-16F7-4668-BE54-9A1E7A4F7556}") = "Task21", "Task21\Task21.csproj", "{8745F87E-12A6-4F32-B7AB-102A13EBB197}"
EndProject
Project("{9A19103F-16F7-4668-BE54-9A1E7A4F7556}") = "Task22", "Task22\Task22.csproj", "{B9847391-2133-4279-8542-5E44AF897DEE}"
EndProject
Project("{9A19103F-16F7-4668-BE54-9A1E7A4F7556}") = "Task23", "Task23\Task23.csproj", "{10C01177-A249-4AB0-80AB-91EC50E1951C}"
EndProject
Project("{9A19103F-16F7-4668-BE54-9A1E7A4F7556}") = "Task24", "Task24\Task24.csproj", "{1830A4FC-BD82-4BEF-9DE3-ABC9CB91E65B}"
EndProject
Project("{9A19103F-16F7-4668-BE54-9A1E7A4F7556}") = "Task25", "Task25\Task25.csproj", "{2260DD54-8690-4D9A-884A-8745A5F428D3}"
EndProject
Project("{9A19103F-16F7-4668-BE54-9A1E7A4F7556}") = "Task26", "Task26\Task26.csproj", "{242F580D-683C-49F6-9944-B99679723339}"
EndProject
Project("{9A19103F-16F7-4668-BE54-9A1E7A4F7556}") = "Task27", "Task27\Task27.csproj", "{3C2E1C72-9F3F-4FC5-8EAA-25ADE948746F}"
EndProject
Project("{9A19103F-16F7-4668-BE54-9A1E7A4F7556}") = "Task28", "Task28\Task28.csproj", "{D68CDAB5-88DC-402D-8BAC-922929AB7143}"
EndProject
Project("{9A19103F-16F7-4668-BE54-9A1E7A4F7556}") = "Task29", "Task29\Task29.csproj", "{B6A782AA-473C-4CA7-9EC2-4E2EDB416251}"
EndProject
Project("{9A19103F-16F7-4668-BE54-9A1E7A4F7556}") = "Task30", "Task30\Task30.csproj", "{9174DEE1-263B-4915-A5DD-AB91BBC0F7C0}"
EndProject
Project("{9A19103F-16F7-4668-BE54-9A1E7A4F7556}") = "Task31", "Task31\Task31.csproj", "{09C7B6F8-16DC-4DCE-8148-F3A4800FF7F0}"
EndProject
Project("{9A19103F-16F7-4668-BE54-9A1E7A4F7556}") = "Task32", "Task32\Task32.csproj", "{6964516D-6E3A-4068-83B5-AA53A2C9E08C}"
EndProject
Project("{9A19103F-16F7-4668-BE54-9A1E7A4F7556}") = "Task33", "Task33\Task33.csproj", "{5DF350DD-678F-453C-9274-1A4405A6527D}"
EndProject
Project("{9A19103F-16F7-4668-BE54-9A1E7A4F7556}") = "Task34", "Task34\Task34.csproj", "{75610612-3E21-4846-9F05-C78D88E6325A}"
EndProject
Project("{9A19103F-16F7-4668-BE54-9A1E7A4F7556}") = "Task35", "Task35\Task35.csproj", "{B53364EB-31E5-43E9-8B32-FDDF8ABFBB2F}"
EndProject
Project("{9A19103F-16F7-4668-BE54-9A1E7A4F7556}") = "Task36", "Task36\Task36.csproj", "{3A2EE975-E538-4EE0-9B1B-239EB1814D82}"
EndProject
Project("{9A19103F-16F7-4668-BE54-9A1E7A4F7556}") = "Task37", "Task37\Task37.csproj", "{4DE2B6ED-C448-4433-9913-2B4EDC131076}"
EndProject
Project("{9A19103F-16F7-4668-BE54-9A1E7A4F7556}") = "Task38", "Task38\Task38.csproj", "{EA04EC7E-8952-437F-AC0F-BCCB194A6B96}"
EndProject
Project("{9A19103F-16F7-4668-BE54-9A1E7A4F7556}") = "Task38new", "Task38new\Task38new.csproj", "{44ABD679-FF62-43DD-ADD4-61D7D14E9201}"
EndProject
Project("{9A19103F-16F7-4668-BE54-9A1E7A4F7556}") = "Task39", "Task39\Task39.csproj", "{2D92FEDB-6148-4C2C-A671-304D817141F0}"
EndProject
Project("{9A19103F-16F7-4668-BE54-9A1E7A4F7556}") = "Task40", "Task40\Task40.csproj", "{7CDBCC67-ACF9-4BB0-96EA-F54D8FCD8E9D}"
EndProject
Project("{9A19103F-16F7-4668-BE54-9A1E7A4F7556}") = "Task41", "Task41\Task41.csproj", "{2A63727B-38E6-416B-94EB-B2837A76D024}"
EndProject
Project("{9A19103F-16F7-4668-BE54-9A1E7A4F7556}") = "Task42", "Task42\Task42.csproj", "{D854104A-3A90-419E-BF52-E5D0EA450D22}"
EndProject
Project("{9A19103F-16F7-4668-BE54-9A1E7A4F7556}") = "Task43", "Task43\Task43.csproj", "{B9700809-5F0C-470F-B47A-2DB307BD1DC9}"
EndProject
Project("{9A19103F-16F7-4668-BE54-9A1E7A4F7556}") = "Task44", "Task44\Task44.csproj", "{AF1C413F-38DF-48C7-A453-544A27700292}"
EndProject
Project("{9A19103F-16F7-4668-BE54-9A1E7A4F7556}") = "Task45", "Task45\Task45.csproj", "{8FF4FF8E-78EC-4A25-9746-1BACEC9453A8}"
EndProject
Global
	GlobalSection(SolutionConfigurationPlatforms) = preSolution
		Debug|Any CPU = Debug|Any CPU
		Release|Any CPU = Release|Any CPU
	EndGlobalSection
	GlobalSection(ProjectConfigurationPlatforms) = postSolution
		{653B1573-895C-41E3-902E-0A80D574B91C}.Debug|Any CPU.ActiveCfg = Debug|Any CPU
		{653B1573-895C-41E3-902E-0A80D574B91C}.Debug|Any CPU.Build.0 = Debug|Any CPU
		{653B1573-895C-41E3-902E-0A80D574B91C}.Release|Any CPU.ActiveCfg = Release|Any CPU
		{653B1573-895C-41E3-902E-0A80D574B91C}.Release|Any CPU.Build.0 = Release|Any CPU
		{6C40AEDB-B8B6-4C9A-8E76-23C3209C12D3}.Debug|Any CPU.ActiveCfg = Debug|Any CPU
		{6C40AEDB-B8B6-4C9A-8E76-23C3209C12D3}.Debug|Any CPU.Build.0 = Debug|Any CPU
		{6C40AEDB-B8B6-4C9A-8E76-23C3209C12D3}.Release|Any CPU.ActiveCfg = Release|Any CPU
		{6C40AEDB-B8B6-4C9A-8E76-23C3209C12D3}.Release|Any CPU.Build.0 = Release|Any CPU
		{35A513A0-E187-4CFF-9F2A-68AB26BD2989}.Debug|Any CPU.ActiveCfg = Debug|Any CPU
		{35A513A0-E187-4CFF-9F2A-68AB26BD2989}.Debug|Any CPU.Build.0 = Debug|Any CPU
		{35A513A0-E187-4CFF-9F2A-68AB26BD2989}.Release|Any CPU.ActiveCfg = Release|Any CPU
		{35A513A0-E187-4CFF-9F2A-68AB26BD2989}.Release|Any CPU.Build.0 = Release|Any CPU
		{E9B8A008-8D6F-4D3E-81AF-440C7E1B1489}.Debug|Any CPU.ActiveCfg = Debug|Any CPU
		{E9B8A008-8D6F-4D3E-81AF-440C7E1B1489}.Debug|Any CPU.Build.0 = Debug|Any CPU
		{E9B8A008-8D6F-4D3E-81AF-440C7E1B1489}.Release|Any CPU.ActiveCfg = Release|Any CPU
		{E9B8A008-8D6F-4D3E-81AF-440C7E1B1489}.Release|Any CPU.Build.0 = Release|Any CPU
		{4300E623-F23C-44E6-B680-C1CEC1E0138D}.Debug|Any CPU.ActiveCfg = Debug|Any CPU
		{4300E623-F23C-44E6-B680-C1CEC1E0138D}.Debug|Any CPU.Build.0 = Debug|Any CPU
		{4300E623-F23C-44E6-B680-C1CEC1E0138D}.Release|Any CPU.ActiveCfg = Release|Any CPU
		{4300E623-F23C-44E6-B680-C1CEC1E0138D}.Release|Any CPU.Build.0 = Release|Any CPU
		{A693CBC9-C5C5-4915-B60D-6024245224EF}.Debug|Any CPU.ActiveCfg = Debug|Any CPU
		{A693CBC9-C5C5-4915-B60D-6024245224EF}.Debug|Any CPU.Build.0 = Debug|Any CPU
		{A693CBC9-C5C5-4915-B60D-6024245224EF}.Release|Any CPU.ActiveCfg = Release|Any CPU
		{A693CBC9-C5C5-4915-B60D-6024245224EF}.Release|Any CPU.Build.0 = Release|Any CPU
		{E3D2F73D-9200-4F30-95F4-EDABE84541B4}.Debug|Any CPU.ActiveCfg = Debug|Any CPU
		{E3D2F73D-9200-4F30-95F4-EDABE84541B4}.Debug|Any CPU.Build.0 = Debug|Any CPU
		{E3D2F73D-9200-4F30-95F4-EDABE84541B4}.Release|Any CPU.ActiveCfg = Release|Any CPU
		{E3D2F73D-9200-4F30-95F4-EDABE84541B4}.Release|Any CPU.Build.0 = Release|Any CPU
		{DE98601E-C513-4111-9D9E-68C29871D3FA}.Debug|Any CPU.ActiveCfg = Debug|Any CPU
		{DE98601E-C513-4111-9D9E-68C29871D3FA}.Debug|Any CPU.Build.0 = Debug|Any CPU
		{DE98601E-C513-4111-9D9E-68C29871D3FA}.Release|Any CPU.ActiveCfg = Release|Any CPU
		{DE98601E-C513-4111-9D9E-68C29871D3FA}.Release|Any CPU.Build.0 = Release|Any CPU
		{F8081C85-F545-4471-B350-BF7642EFCB9F}.Debug|Any CPU.ActiveCfg = Debug|Any CPU
		{F8081C85-F545-4471-B350-BF7642EFCB9F}.Debug|Any CPU.Build.0 = Debug|Any CPU
		{F8081C85-F545-4471-B350-BF7642EFCB9F}.Release|Any CPU.ActiveCfg = Release|Any CPU
		{F8081C85-F545-4471-B350-BF7642EFCB9F}.Release|Any CPU.Build.0 = Release|Any CPU
		{9F032D7B-4D83-4338-9DD4-1B578F6B7B8E}.Debug|Any CPU.ActiveCfg = Debug|Any CPU
		{9F032D7B-4D83-4338-9DD4-1B578F6B7B8E}.Debug|Any CPU.Build.0 = Debug|Any CPU
		{9F032D7B-4D83-4338-9DD4-1B578F6B7B8E}.Release|Any CPU.ActiveCfg = Release|Any CPU
		{9F032D7B-4D83-4338-9DD4-1B578F6B7B8E}.Release|Any CPU.Build.0 = Release|Any CPU
		{9A997F0E-1004-4DD4-B5C7-DE69B4CD7CCC}.Debug|Any CPU.ActiveCfg = Debug|Any CPU
		{9A997F0E-1004-4DD4-B5C7-DE69B4CD7CCC}.Debug|Any CPU.Build.0 = Debug|Any CPU
		{9A997F0E-1004-4DD4-B5C7-DE69B4CD7CCC}.Release|Any CPU.ActiveCfg = Release|Any CPU
		{9A997F0E-1004-4DD4-B5C7-DE69B4CD7CCC}.Release|Any CPU.Build.0 = Release|Any CPU
		{122B7EE4-F281-46DA-ADC2-624281083FB3}.Debug|Any CPU.ActiveCfg = Debug|Any CPU
		{122B7EE4-F281-46DA-ADC2-624281083FB3}.Debug|Any CPU.Build.0 = Debug|Any CPU
		{122B7EE4-F281-46DA-ADC2-624281083FB3}.Release|Any CPU.ActiveCfg = Release|Any CPU
		{122B7EE4-F281-46DA-ADC2-624281083FB3}.Release|Any CPU.Build.0 = Release|Any CPU
		{F0C8AA24-CEF8-4A7F-94CD-0676A5DC2103}.Debug|Any CPU.ActiveCfg = Debug|Any CPU
		{F0C8AA24-CEF8-4A7F-94CD-0676A5DC2103}.Debug|Any CPU.Build.0 = Debug|Any CPU
		{F0C8AA24-CEF8-4A7F-94CD-0676A5DC2103}.Release|Any CPU.ActiveCfg = Release|Any CPU
		{F0C8AA24-CEF8-4A7F-94CD-0676A5DC2103}.Release|Any CPU.Build.0 = Release|Any CPU
		{584AF296-3B61-4FC3-B112-5BA8BB7E38C3}.Debug|Any CPU.ActiveCfg = Debug|Any CPU
		{584AF296-3B61-4FC3-B112-5BA8BB7E38C3}.Debug|Any CPU.Build.0 = Debug|Any CPU
		{584AF296-3B61-4FC3-B112-5BA8BB7E38C3}.Release|Any CPU.ActiveCfg = Release|Any CPU
		{584AF296-3B61-4FC3-B112-5BA8BB7E38C3}.Release|Any CPU.Build.0 = Release|Any CPU
		{836E2673-A2B3-4843-9519-E8DB29756816}.Debug|Any CPU.ActiveCfg = Debug|Any CPU
		{836E2673-A2B3-4843-9519-E8DB29756816}.Debug|Any CPU.Build.0 = Debug|Any CPU
		{836E2673-A2B3-4843-9519-E8DB29756816}.Release|Any CPU.ActiveCfg = Release|Any CPU
		{836E2673-A2B3-4843-9519-E8DB29756816}.Release|Any CPU.Build.0 = Release|Any CPU
		{AFA5DF85-FD4C-4431-BE00-313B393EBC68}.Debug|Any CPU.ActiveCfg = Debug|Any CPU
		{AFA5DF85-FD4C-4431-BE00-313B393EBC68}.Debug|Any CPU.Build.0 = Debug|Any CPU
		{AFA5DF85-FD4C-4431-BE00-313B393EBC68}.Release|Any CPU.ActiveCfg = Release|Any CPU
		{AFA5DF85-FD4C-4431-BE00-313B393EBC68}.Release|Any CPU.Build.0 = Release|Any CPU
		{9A31D691-F83F-4312-8699-F69D60698921}.Debug|Any CPU.ActiveCfg = Debug|Any CPU
		{9A31D691-F83F-4312-8699-F69D60698921}.Debug|Any CPU.Build.0 = Debug|Any CPU
		{9A31D691-F83F-4312-8699-F69D60698921}.Release|Any CPU.ActiveCfg = Release|Any CPU
		{9A31D691-F83F-4312-8699-F69D60698921}.Release|Any CPU.Build.0 = Release|Any CPU
		{D06E365C-1966-4E69-9A5C-A9EFD1FEB3BE}.Debug|Any CPU.ActiveCfg = Debug|Any CPU
		{D06E365C-1966-4E69-9A5C-A9EFD1FEB3BE}.Debug|Any CPU.Build.0 = Debug|Any CPU
		{D06E365C-1966-4E69-9A5C-A9EFD1FEB3BE}.Release|Any CPU.ActiveCfg = Release|Any CPU
		{D06E365C-1966-4E69-9A5C-A9EFD1FEB3BE}.Release|Any CPU.Build.0 = Release|Any CPU
		{1C5FDAC1-7B73-4376-B2BE-5393AEB91EA2}.Debug|Any CPU.ActiveCfg = Debug|Any CPU
		{1C5FDAC1-7B73-4376-B2BE-5393AEB91EA2}.Debug|Any CPU.Build.0 = Debug|Any CPU
		{1C5FDAC1-7B73-4376-B2BE-5393AEB91EA2}.Release|Any CPU.ActiveCfg = Release|Any CPU
		{1C5FDAC1-7B73-4376-B2BE-5393AEB91EA2}.Release|Any CPU.Build.0 = Release|Any CPU
		{7E2E3045-F253-44B0-9B03-249931AF7FE0}.Debug|Any CPU.ActiveCfg = Debug|Any CPU
		{7E2E3045-F253-44B0-9B03-249931AF7FE0}.Debug|Any CPU.Build.0 = Debug|Any CPU
		{7E2E3045-F253-44B0-9B03-249931AF7FE0}.Release|Any CPU.ActiveCfg = Release|Any CPU
		{7E2E3045-F253-44B0-9B03-249931AF7FE0}.Release|Any CPU.Build.0 = Release|Any CPU
		{743F1A4B-0064-45B4-BB4F-DC9617B605F5}.Debug|Any CPU.ActiveCfg = Debug|Any CPU
		{743F1A4B-0064-45B4-BB4F-DC9617B605F5}.Debug|Any CPU.Build.0 = Debug|Any CPU
		{743F1A4B-0064-45B4-BB4F-DC9617B605F5}.Release|Any CPU.ActiveCfg = Release|Any CPU
		{743F1A4B-0064-45B4-BB4F-DC9617B605F5}.Release|Any CPU.Build.0 = Release|Any CPU
		{8745F87E-12A6-4F32-B7AB-102A13EBB197}.Debug|Any CPU.ActiveCfg = Debug|Any CPU
		{8745F87E-12A6-4F32-B7AB-102A13EBB197}.Debug|Any CPU.Build.0 = Debug|Any CPU
		{8745F87E-12A6-4F32-B7AB-102A13EBB197}.Release|Any CPU.ActiveCfg = Release|Any CPU
		{8745F87E-12A6-4F32-B7AB-102A13EBB197}.Release|Any CPU.Build.0 = Release|Any CPU
		{B9847391-2133-4279-8542-5E44AF897DEE}.Debug|Any CPU.ActiveCfg = Debug|Any CPU
		{B9847391-2133-4279-8542-5E44AF897DEE}.Debug|Any CPU.Build.0 = Debug|Any CPU
		{B9847391-2133-4279-8542-5E44AF897DEE}.Release|Any CPU.ActiveCfg = Release|Any CPU
		{B9847391-2133-4279-8542-5E44AF897DEE}.Release|Any CPU.Build.0 = Release|Any CPU
		{10C01177-A249-4AB0-80AB-91EC50E1951C}.Debug|Any CPU.ActiveCfg = Debug|Any CPU
		{10C01177-A249-4AB0-80AB-91EC50E1951C}.Debug|Any CPU.Build.0 = Debug|Any CPU
		{10C01177-A249-4AB0-80AB-91EC50E1951C}.Release|Any CPU.ActiveCfg = Release|Any CPU
		{10C01177-A249-4AB0-80AB-91EC50E1951C}.Release|Any CPU.Build.0 = Release|Any CPU
		{1830A4FC-BD82-4BEF-9DE3-ABC9CB91E65B}.Debug|Any CPU.ActiveCfg = Debug|Any CPU
		{1830A4FC-BD82-4BEF-9DE3-ABC9CB91E65B}.Debug|Any CPU.Build.0 = Debug|Any CPU
		{1830A4FC-BD82-4BEF-9DE3-ABC9CB91E65B}.Release|Any CPU.ActiveCfg = Release|Any CPU
		{1830A4FC-BD82-4BEF-9DE3-ABC9CB91E65B}.Release|Any CPU.Build.0 = Release|Any CPU
		{2260DD54-8690-4D9A-884A-8745A5F428D3}.Debug|Any CPU.ActiveCfg = Debug|Any CPU
		{2260DD54-8690-4D9A-884A-8745A5F428D3}.Debug|Any CPU.Build.0 = Debug|Any CPU
		{2260DD54-8690-4D9A-884A-8745A5F428D3}.Release|Any CPU.ActiveCfg = Release|Any CPU
		{2260DD54-8690-4D9A-884A-8745A5F428D3}.Release|Any CPU.Build.0 = Release|Any CPU
		{242F580D-683C-49F6-9944-B99679723339}.Debug|Any CPU.ActiveCfg = Debug|Any CPU
		{242F580D-683C-49F6-9944-B99679723339}.Debug|Any CPU.Build.0 = Debug|Any CPU
		{242F580D-683C-49F6-9944-B99679723339}.Release|Any CPU.ActiveCfg = Release|Any CPU
		{242F580D-683C-49F6-9944-B99679723339}.Release|Any CPU.Build.0 = Release|Any CPU
		{3C2E1C72-9F3F-4FC5-8EAA-25ADE948746F}.Debug|Any CPU.ActiveCfg = Debug|Any CPU
		{3C2E1C72-9F3F-4FC5-8EAA-25ADE948746F}.Debug|Any CPU.Build.0 = Debug|Any CPU
		{3C2E1C72-9F3F-4FC5-8EAA-25ADE948746F}.Release|Any CPU.ActiveCfg = Release|Any CPU
		{3C2E1C72-9F3F-4FC5-8EAA-25ADE948746F}.Release|Any CPU.Build.0 = Release|Any CPU
		{D68CDAB5-88DC-402D-8BAC-922929AB7143}.Debug|Any CPU.ActiveCfg = Debug|Any CPU
		{D68CDAB5-88DC-402D-8BAC-922929AB7143}.Debug|Any CPU.Build.0 = Debug|Any CPU
		{D68CDAB5-88DC-402D-8BAC-922929AB7143}.Release|Any CPU.ActiveCfg = Release|Any CPU
		{D68CDAB5-88DC-402D-8BAC-922929AB7143}.Release|Any CPU.Build.0 = Release|Any CPU
		{B6A782AA-473C-4CA7-9EC2-4E2EDB416251}.Debug|Any CPU.ActiveCfg = Debug|Any CPU
		{B6A782AA-473C-4CA7-9EC2-4E2EDB416251}.Debug|Any CPU.Build.0 = Debug|Any CPU
		{B6A782AA-473C-4CA7-9EC2-4E2EDB416251}.Release|Any CPU.ActiveCfg = Release|Any CPU
		{B6A782AA-473C-4CA7-9EC2-4E2EDB416251}.Release|Any CPU.Build.0 = Release|Any CPU
		{9174DEE1-263B-4915-A5DD-AB91BBC0F7C0}.Debug|Any CPU.ActiveCfg = Debug|Any CPU
		{9174DEE1-263B-4915-A5DD-AB91BBC0F7C0}.Debug|Any CPU.Build.0 = Debug|Any CPU
		{9174DEE1-263B-4915-A5DD-AB91BBC0F7C0}.Release|Any CPU.ActiveCfg = Release|Any CPU
		{9174DEE1-263B-4915-A5DD-AB91BBC0F7C0}.Release|Any CPU.Build.0 = Release|Any CPU
		{09C7B6F8-16DC-4DCE-8148-F3A4800FF7F0}.Debug|Any CPU.ActiveCfg = Debug|Any CPU
		{09C7B6F8-16DC-4DCE-8148-F3A4800FF7F0}.Debug|Any CPU.Build.0 = Debug|Any CPU
		{09C7B6F8-16DC-4DCE-8148-F3A4800FF7F0}.Release|Any CPU.ActiveCfg = Release|Any CPU
		{09C7B6F8-16DC-4DCE-8148-F3A4800FF7F0}.Release|Any CPU.Build.0 = Release|Any CPU
		{6964516D-6E3A-4068-83B5-AA53A2C9E08C}.Debug|Any CPU.ActiveCfg = Debug|Any CPU
		{6964516D-6E3A-4068-83B5-AA53A2C9E08C}.Debug|Any CPU.Build.0 = Debug|Any CPU
		{6964516D-6E3A-4068-83B5-AA53A2C9E08C}.Release|Any CPU.ActiveCfg = Release|Any CPU
		{6964516D-6E3A-4068-83B5-AA53A2C9E08C}.Release|Any CPU.Build.0 = Release|Any CPU
		{5DF350DD-678F-453C-9274-1A4405A6527D}.Debug|Any CPU.ActiveCfg = Debug|Any CPU
		{5DF350DD-678F-453C-9274-1A4405A6527D}.Debug|Any CPU.Build.0 = Debug|Any CPU
		{5DF350DD-678F-453C-9274-1A4405A6527D}.Release|Any CPU.ActiveCfg = Release|Any CPU
		{5DF350DD-678F-453C-9274-1A4405A6527D}.Release|Any CPU.Build.0 = Release|Any CPU
		{75610612-3E21-4846-9F05-C78D88E6325A}.Debug|Any CPU.ActiveCfg = Debug|Any CPU
		{75610612-3E21-4846-9F05-C78D88E6325A}.Debug|Any CPU.Build.0 = Debug|Any CPU
		{75610612-3E21-4846-9F05-C78D88E6325A}.Release|Any CPU.ActiveCfg = Release|Any CPU
		{75610612-3E21-4846-9F05-C78D88E6325A}.Release|Any CPU.Build.0 = Release|Any CPU
		{B53364EB-31E5-43E9-8B32-FDDF8ABFBB2F}.Debug|Any CPU.ActiveCfg = Debug|Any CPU
		{B53364EB-31E5-43E9-8B32-FDDF8ABFBB2F}.Debug|Any CPU.Build.0 = Debug|Any CPU
		{B53364EB-31E5-43E9-8B32-FDDF8ABFBB2F}.Release|Any CPU.ActiveCfg = Release|Any CPU
		{B53364EB-31E5-43E9-8B32-FDDF8ABFBB2F}.Release|Any CPU.Build.0 = Release|Any CPU
		{3A2EE975-E538-4EE0-9B1B-239EB1814D82}.Debug|Any CPU.ActiveCfg = Debug|Any CPU
		{3A2EE975-E538-4EE0-9B1B-239EB1814D82}.Debug|Any CPU.Build.0 = Debug|Any CPU
		{3A2EE975-E538-4EE0-9B1B-239EB1814D82}.Release|Any CPU.ActiveCfg = Release|Any CPU
		{3A2EE975-E538-4EE0-9B1B-239EB1814D82}.Release|Any CPU.Build.0 = Release|Any CPU
		{4DE2B6ED-C448-4433-9913-2B4EDC131076}.Debug|Any CPU.ActiveCfg = Debug|Any CPU
		{4DE2B6ED-C448-4433-9913-2B4EDC131076}.Debug|Any CPU.Build.0 = Debug|Any CPU
		{4DE2B6ED-C448-4433-9913-2B4EDC131076}.Release|Any CPU.ActiveCfg = Release|Any CPU
		{4DE2B6ED-C448-4433-9913-2B4EDC131076}.Release|Any CPU.Build.0 = Release|Any CPU
		{EA04EC7E-8952-437F-AC0F-BCCB194A6B96}.Debug|Any CPU.ActiveCfg = Debug|Any CPU
		{EA04EC7E-8952-437F-AC0F-BCCB194A6B96}.Debug|Any CPU.Build.0 = Debug|Any CPU
		{EA04EC7E-8952-437F-AC0F-BCCB194A6B96}.Release|Any CPU.ActiveCfg = Release|Any CPU
		{EA04EC7E-8952-437F-AC0F-BCCB194A6B96}.Release|Any CPU.Build.0 = Release|Any CPU
		{44ABD679-FF62-43DD-ADD4-61D7D14E9201}.Debug|Any CPU.ActiveCfg = Debug|Any CPU
		{44ABD679-FF62-43DD-ADD4-61D7D14E9201}.Debug|Any CPU.Build.0 = Debug|Any CPU
		{44ABD679-FF62-43DD-ADD4-61D7D14E9201}.Release|Any CPU.ActiveCfg = Release|Any CPU
		{44ABD679-FF62-43DD-ADD4-61D7D14E9201}.Release|Any CPU.Build.0 = Release|Any CPU
		{2D92FEDB-6148-4C2C-A671-304D817141F0}.Debug|Any CPU.ActiveCfg = Debug|Any CPU
		{2D92FEDB-6148-4C2C-A671-304D817141F0}.Debug|Any CPU.Build.0 = Debug|Any CPU
		{2D92FEDB-6148-4C2C-A671-304D817141F0}.Release|Any CPU.ActiveCfg = Release|Any CPU
		{2D92FEDB-6148-4C2C-A671-304D817141F0}.Release|Any CPU.Build.0 = Release|Any CPU
		{7CDBCC67-ACF9-4BB0-96EA-F54D8FCD8E9D}.Debug|Any CPU.ActiveCfg = Debug|Any CPU
		{7CDBCC67-ACF9-4BB0-96EA-F54D8FCD8E9D}.Debug|Any CPU.Build.0 = Debug|Any CPU
		{7CDBCC67-ACF9-4BB0-96EA-F54D8FCD8E9D}.Release|Any CPU.ActiveCfg = Release|Any CPU
		{7CDBCC67-ACF9-4BB0-96EA-F54D8FCD8E9D}.Release|Any CPU.Build.0 = Release|Any CPU
		{2A63727B-38E6-416B-94EB-B2837A76D024}.Debug|Any CPU.ActiveCfg = Debug|Any CPU
		{2A63727B-38E6-416B-94EB-B2837A76D024}.Debug|Any CPU.Build.0 = Debug|Any CPU
		{2A63727B-38E6-416B-94EB-B2837A76D024}.Release|Any CPU.ActiveCfg = Release|Any CPU
		{2A63727B-38E6-416B-94EB-B2837A76D024}.Release|Any CPU.Build.0 = Release|Any CPU
		{D854104A-3A90-419E-BF52-E5D0EA450D22}.Debug|Any CPU.ActiveCfg = Debug|Any CPU
		{D854104A-3A90-419E-BF52-E5D0EA450D22}.Debug|Any CPU.Build.0 = Debug|Any CPU
		{D854104A-3A90-419E-BF52-E5D0EA450D22}.Release|Any CPU.ActiveCfg = Release|Any CPU
		{D854104A-3A90-419E-BF52-E5D0EA450D22}.Release|Any CPU.Build.0 = Release|Any CPU
		{B9700809-5F0C-470F-B47A-2DB307BD1DC9}.Debug|Any CPU.ActiveCfg = Debug|Any CPU
		{B9700809-5F0C-470F-B47A-2DB307BD1DC9}.Debug|Any CPU.Build.0 = Debug|Any CPU
		{B9700809-5F0C-470F-B47A-2DB307BD1DC9}.Release|Any CPU.ActiveCfg = Release|Any CPU
		{B9700809-5F0C-470F-B47A-2DB307BD1DC9}.Release|Any CPU.Build.0 = Release|Any CPU
		{AF1C413F-38DF-48C7-A453-544A27700292}.Debug|Any CPU.ActiveCfg = Debug|Any CPU
		{AF1C413F-38DF-48C7-A453-544A27700292}.Debug|Any CPU.Build.0 = Debug|Any CPU
		{AF1C413F-38DF-48C7-A453-544A27700292}.Release|Any CPU.ActiveCfg = Release|Any CPU
		{AF1C413F-38DF-48C7-A453-544A27700292}.Release|Any CPU.Build.0 = Release|Any CPU
		{8FF4FF8E-78EC-4A25-9746-1BACEC9453A8}.Debug|Any CPU.ActiveCfg = Debug|Any CPU
		{8FF4FF8E-78EC-4A25-9746-1BACEC9453A8}.Debug|Any CPU.Build.0 = Debug|Any CPU
		{8FF4FF8E-78EC-4A25-9746-1BACEC9453A8}.Release|Any CPU.ActiveCfg = Release|Any CPU
		{8FF4FF8E-78EC-4A25-9746-1BACEC9453A8}.Release|Any CPU.Build.0 = Release|Any CPU
	EndGlobalSection
	GlobalSection(SolutionProperties) = preSolution
		HideSolutionNode = FALSE
	EndGlobalSection
	GlobalSection(ExtensibilityGlobals) = postSolution
		SolutionGuid = {24A4309F-7AB5-4675-826E-220CF45BD141}
	EndGlobalSection
EndGlobal
